
Microsoft Visual Studio Solution File, Format Version 12.00
# Visual Studio Version 17
VisualStudioVersion = 17.7.34018.315
MinimumVisualStudioVersion = 10.0.40219.1
Project("{FAE04EC0-301F-11D3-BF4B-00C04F79EFBC}") = "consulta medico", "consulta medico\consulta medico.csproj", "{3776ED1F-A98B-48B0-8AFE-1AEAF4DCAF91}"
EndProject
Global
	GlobalSection(SolutionConfigurationPlatforms) = preSolution
		Debug|Any CPU = Debug|Any CPU
		Release|Any CPU = Release|Any CPU
	EndGlobalSection
	GlobalSection(ProjectConfigurationPlatforms) = postSolution
		{3776ED1F-A98B-48B0-8AFE-1AEAF4DCAF91}.Debug|Any CPU.ActiveCfg = Debug|Any CPU
		{3776ED1F-A98B-48B0-8AFE-1AEAF4DCAF91}.Debug|Any CPU.Build.0 = Debug|Any CPU
		{3776ED1F-A98B-48B0-8AFE-1AEAF4DCAF91}.Release|Any CPU.ActiveCfg = Release|Any CPU
		{3776ED1F-A98B-48B0-8AFE-1AEAF4DCAF91}.Release|Any CPU.Build.0 = Release|Any CPU
	EndGlobalSection
	GlobalSection(SolutionProperties) = preSolution
		HideSolutionNode = FALSE
	EndGlobalSection
	GlobalSection(ExtensibilityGlobals) = postSolution
		SolutionGuid = {F51FBFB8-7302-4BAD-805C-E0C633A6BCCA}
	EndGlobalSection
EndGlobal
