
Microsoft Visual Studio Solution File, Format Version 12.00
# Visual Studio Version 16
VisualStudioVersion = 16.0.28803.916
MinimumVisualStudioVersion = 10.0.40219.1
Project("{FAE04EC0-301F-11D3-BF4B-00C04F79EFBC}") = "Goodlife", "Goodlife.csproj", "{86E804D6-E508-475E-9153-07A88D4A8ABD}"
EndProject
Global
	GlobalSection(SolutionConfigurationPlatforms) = preSolution
		Debug|Any CPU = Debug|Any CPU
		Release|Any CPU = Release|Any CPU
	EndGlobalSection
	GlobalSection(ProjectConfigurationPlatforms) = postSolution
		{86E804D6-E508-475E-9153-07A88D4A8ABD}.Debug|Any CPU.ActiveCfg = Debug|Any CPU
		{86E804D6-E508-475E-9153-07A88D4A8ABD}.Debug|Any CPU.Build.0 = Debug|Any CPU
		{86E804D6-E508-475E-9153-07A88D4A8ABD}.Release|Any CPU.ActiveCfg = Release|Any CPU
		{86E804D6-E508-475E-9153-07A88D4A8ABD}.Release|Any CPU.Build.0 = Release|Any CPU
	EndGlobalSection
	GlobalSection(SolutionProperties) = preSolution
		HideSolutionNode = FALSE
	EndGlobalSection
	GlobalSection(ExtensibilityGlobals) = postSolution
		SolutionGuid = {5FA31243-200D-4B13-A86C-7E85BAAFE24B}
	EndGlobalSection
EndGlobal
